github.com/Mexicoder/go-Mastering-DataStructuresAndAlgorithms/section8_LinkedLists/single_linked_list v0.0.0-20230726144646-888bdd685058 h1:lAKa7Z3jdSQop8qc2/l300Ghi5PTuAPcXJEYok2acU8=
github.com/Mexicoder/go-Mastering-DataStructuresAndAlgorithms/section8_LinkedLists/single_linked_list v0.0.0-20230726144646-888bdd685058/go.mod h1:iJgMAgOkdEDTuklBMpMi9tUI6kllwANeLH1qpEbFyJo=
