github.com/Mexicoder/go-Mastering-DataStructuresAndAlgorithms/section8-LinkedLists/single-linked-list v0.0.0-20230726152657-64b2d129bbf4 h1:1DZ9CnZA57VDr78Pp12S63XruFr5QyBEwANn4CdL+8M=
github.com/Mexicoder/go-Mastering-DataStructuresAndAlgorithms/section8-LinkedLists/single-linked-list v0.0.0-20230726152657-64b2d129bbf4/go.mod h1:Q0UB/xzg8mj1/r6p+zR851xuHEWfMbvkUTn6gvSgzq8=
